# This file is automatically @generated by Cargo.
# It is not intended for manual editing.
version = 4

[[package]]
name = "swifttex-layout"
version = "0.1.0"

[[package]]
name = "swifttex-lexer"
version = "0.1.0"

[[package]]
name = "swifttex-parser"
version = "0.1.0"

[[package]]
name = "swifttex-renderer-svg"
version = "0.1.0"

[[package]]
name = "swifttex-wasm"
version = "0.1.0"
